{
  "name": "midi-to-thirty-dollar-haircut",
  "version": "1.0.0",
  "lockfileVersion": 2,
  "requires": true,
  "packages": {
    "": {
      "name": "midi-to-thirty-dollar-haircut",
      "version": "1.0.0",
      "license": "ISC",
      "dependencies": {
        "midi-parser-js": "^4.0.4"
      }
    },
    "node_modules/midi-parser-js": {
      "version": "4.0.4",
      "resolved": "https://registry.npmjs.org/midi-parser-js/-/midi-parser-js-4.0.4.tgz",
      "integrity": "sha512-yCCUNemjDET40SPslUbAyi7lClSS+ttcBAWNY337kJouRFsEtIql38Fp4p5xfODkltFvuqHJL9JytnZIrzpJbw=="
    }
  },
  "dependencies": {
    "midi-parser-js": {
      "version": "4.0.4",
      "resolved": "https://registry.npmjs.org/midi-parser-js/-/midi-parser-js-4.0.4.tgz",
      "integrity": "sha512-yCCUNemjDET40SPslUbAyi7lClSS+ttcBAWNY337kJouRFsEtIql38Fp4p5xfODkltFvuqHJL9JytnZIrzpJbw=="
    }
  }
}
